
Microsoft Visual Studio Solution File, Format Version 12.00
# Visual Studio Version 17
VisualStudioVersion = 17.7.34018.315
MinimumVisualStudioVersion = 10.0.40219.1
Project("{FAE04EC0-301F-11D3-BF4B-00C04F79EFBC}") = "ResumeBuilder", "ResumeBuilder\ResumeBuilder.csproj", "{4BEBCD26-C294-4CAC-ACC2-328B3AE113FB}"
EndProject
Global
	GlobalSection(SolutionConfigurationPlatforms) = preSolution
		Debug|Any CPU = Debug|Any CPU
		Release|Any CPU = Release|Any CPU
	EndGlobalSection
	GlobalSection(ProjectConfigurationPlatforms) = postSolution
		{4BEBCD26-C294-4CAC-ACC2-328B3AE113FB}.Debug|Any CPU.ActiveCfg = Debug|Any CPU
		{4BEBCD26-C294-4CAC-ACC2-328B3AE113FB}.Debug|Any CPU.Build.0 = Debug|Any CPU
		{4BEBCD26-C294-4CAC-ACC2-328B3AE113FB}.Release|Any CPU.ActiveCfg = Release|Any CPU
		{4BEBCD26-C294-4CAC-ACC2-328B3AE113FB}.Release|Any CPU.Build.0 = Release|Any CPU
	EndGlobalSection
	GlobalSection(SolutionProperties) = preSolution
		HideSolutionNode = FALSE
	EndGlobalSection
	GlobalSection(ExtensibilityGlobals) = postSolution
		SolutionGuid = {706ABE0C-3364-406E-B672-62AA3F902567}
	EndGlobalSection
EndGlobal
